
Microsoft Visual Studio Solution File, Format Version 12.00
# Visual Studio Version 16
VisualStudioVersion = 16.0.29709.97
MinimumVisualStudioVersion = 10.0.40219.1
Project("{FAE04EC0-301F-11D3-BF4B-00C04F79EFBC}") = "PropellerheadCI.Data", "src\PropellerheadCI.Data\PropellerheadCI.Data.csproj", "{7FDA13A2-4178-4C12-96C9-CCD6471E641D}"
EndProject
Project("{9A19103F-16F7-4668-BE54-9A1E7A4F7556}") = "PropellerheadCI.Business", "src\PropellerheadCI.Business\PropellerheadCI.Business.csproj", "{C994916B-3EA6-47B3-9FBB-2DC4195AA8BE}"
EndProject
Project("{FAE04EC0-301F-11D3-BF4B-00C04F79EFBC}") = "PropellerheadCI.Api", "src\PropellerheadCI.Api\PropellerheadCI.Api.csproj", "{1BE56C1A-F97A-490F-B86D-6F5CDE9E23F2}"
EndProject
Global
	GlobalSection(SolutionConfigurationPlatforms) = preSolution
		Debug|Any CPU = Debug|Any CPU
		Release|Any CPU = Release|Any CPU
	EndGlobalSection
	GlobalSection(ProjectConfigurationPlatforms) = postSolution
		{7FDA13A2-4178-4C12-96C9-CCD6471E641D}.Debug|Any CPU.ActiveCfg = Debug|Any CPU
		{7FDA13A2-4178-4C12-96C9-CCD6471E641D}.Debug|Any CPU.Build.0 = Debug|Any CPU
		{7FDA13A2-4178-4C12-96C9-CCD6471E641D}.Release|Any CPU.ActiveCfg = Release|Any CPU
		{7FDA13A2-4178-4C12-96C9-CCD6471E641D}.Release|Any CPU.Build.0 = Release|Any CPU
		{C994916B-3EA6-47B3-9FBB-2DC4195AA8BE}.Debug|Any CPU.ActiveCfg = Debug|Any CPU
		{C994916B-3EA6-47B3-9FBB-2DC4195AA8BE}.Debug|Any CPU.Build.0 = Debug|Any CPU
		{C994916B-3EA6-47B3-9FBB-2DC4195AA8BE}.Release|Any CPU.ActiveCfg = Release|Any CPU
		{C994916B-3EA6-47B3-9FBB-2DC4195AA8BE}.Release|Any CPU.Build.0 = Release|Any CPU
		{1BE56C1A-F97A-490F-B86D-6F5CDE9E23F2}.Debug|Any CPU.ActiveCfg = Debug|Any CPU
		{1BE56C1A-F97A-490F-B86D-6F5CDE9E23F2}.Debug|Any CPU.Build.0 = Debug|Any CPU
		{1BE56C1A-F97A-490F-B86D-6F5CDE9E23F2}.Release|Any CPU.ActiveCfg = Release|Any CPU
		{1BE56C1A-F97A-490F-B86D-6F5CDE9E23F2}.Release|Any CPU.Build.0 = Release|Any CPU
	EndGlobalSection
	GlobalSection(SolutionProperties) = preSolution
		HideSolutionNode = FALSE
	EndGlobalSection
	GlobalSection(ExtensibilityGlobals) = postSolution
		SolutionGuid = {D8096CE4-6C9F-4A14-88A1-583C5F397109}
	EndGlobalSection
EndGlobal
